
Microsoft Visual Studio Solution File, Format Version 12.00
# Visual Studio 15
VisualStudioVersion = 15.0.26124.0
MinimumVisualStudioVersion = 15.0.26124.0
Project("{2150E333-8FDC-42A3-9474-1A3956D46DE8}") = "src", "src", "{45B542AF-D6DF-412B-8D8A-7EFDCB61EF71}"
EndProject
Project("{FAE04EC0-301F-11D3-BF4B-00C04F79EFBC}") = "SimpleAPI", "src\SimpleAPI\SimpleAPI.csproj", "{F064109C-508C-4988-AE97-EEE61B6FBD34}"
EndProject
Project("{2150E333-8FDC-42A3-9474-1A3956D46DE8}") = "test", "test", "{9AE2C0D5-9331-4B19-999B-8633D8D5B81C}"
EndProject
Project("{FAE04EC0-301F-11D3-BF4B-00C04F79EFBC}") = "SimpleAPI.Tests", "test\SimpleAPI.Tests\SimpleAPI.Tests.csproj", "{7108C7DE-59AF-4AE0-A195-C9AFA46CC5C1}"
EndProject
Global
	GlobalSection(SolutionConfigurationPlatforms) = preSolution
		Debug|Any CPU = Debug|Any CPU
		Debug|x64 = Debug|x64
		Debug|x86 = Debug|x86
		Release|Any CPU = Release|Any CPU
		Release|x64 = Release|x64
		Release|x86 = Release|x86
	EndGlobalSection
	GlobalSection(SolutionProperties) = preSolution
		HideSolutionNode = FALSE
	EndGlobalSection
	GlobalSection(ProjectConfigurationPlatforms) = postSolution
		{F064109C-508C-4988-AE97-EEE61B6FBD34}.Debug|Any CPU.ActiveCfg = Debug|Any CPU
		{F064109C-508C-4988-AE97-EEE61B6FBD34}.Debug|Any CPU.Build.0 = Debug|Any CPU
		{F064109C-508C-4988-AE97-EEE61B6FBD34}.Debug|x64.ActiveCfg = Debug|Any CPU
		{F064109C-508C-4988-AE97-EEE61B6FBD34}.Debug|x64.Build.0 = Debug|Any CPU
		{F064109C-508C-4988-AE97-EEE61B6FBD34}.Debug|x86.ActiveCfg = Debug|Any CPU
		{F064109C-508C-4988-AE97-EEE61B6FBD34}.Debug|x86.Build.0 = Debug|Any CPU
		{F064109C-508C-4988-AE97-EEE61B6FBD34}.Release|Any CPU.ActiveCfg = Release|Any CPU
		{F064109C-508C-4988-AE97-EEE61B6FBD34}.Release|Any CPU.Build.0 = Release|Any CPU
		{F064109C-508C-4988-AE97-EEE61B6FBD34}.Release|x64.ActiveCfg = Release|Any CPU
		{F064109C-508C-4988-AE97-EEE61B6FBD34}.Release|x64.Build.0 = Release|Any CPU
		{F064109C-508C-4988-AE97-EEE61B6FBD34}.Release|x86.ActiveCfg = Release|Any CPU
		{F064109C-508C-4988-AE97-EEE61B6FBD34}.Release|x86.Build.0 = Release|Any CPU
		{7108C7DE-59AF-4AE0-A195-C9AFA46CC5C1}.Debug|Any CPU.ActiveCfg = Debug|Any CPU
		{7108C7DE-59AF-4AE0-A195-C9AFA46CC5C1}.Debug|Any CPU.Build.0 = Debug|Any CPU
		{7108C7DE-59AF-4AE0-A195-C9AFA46CC5C1}.Debug|x64.ActiveCfg = Debug|Any CPU
		{7108C7DE-59AF-4AE0-A195-C9AFA46CC5C1}.Debug|x64.Build.0 = Debug|Any CPU
		{7108C7DE-59AF-4AE0-A195-C9AFA46CC5C1}.Debug|x86.ActiveCfg = Debug|Any CPU
		{7108C7DE-59AF-4AE0-A195-C9AFA46CC5C1}.Debug|x86.Build.0 = Debug|Any CPU
		{7108C7DE-59AF-4AE0-A195-C9AFA46CC5C1}.Release|Any CPU.ActiveCfg = Release|Any CPU
		{7108C7DE-59AF-4AE0-A195-C9AFA46CC5C1}.Release|Any CPU.Build.0 = Release|Any CPU
		{7108C7DE-59AF-4AE0-A195-C9AFA46CC5C1}.Release|x64.ActiveCfg = Release|Any CPU
		{7108C7DE-59AF-4AE0-A195-C9AFA46CC5C1}.Release|x64.Build.0 = Release|Any CPU
		{7108C7DE-59AF-4AE0-A195-C9AFA46CC5C1}.Release|x86.ActiveCfg = Release|Any CPU
		{7108C7DE-59AF-4AE0-A195-C9AFA46CC5C1}.Release|x86.Build.0 = Release|Any CPU
	EndGlobalSection
	GlobalSection(NestedProjects) = preSolution
		{F064109C-508C-4988-AE97-EEE61B6FBD34} = {45B542AF-D6DF-412B-8D8A-7EFDCB61EF71}
		{7108C7DE-59AF-4AE0-A195-C9AFA46CC5C1} = {9AE2C0D5-9331-4B19-999B-8633D8D5B81C}
	EndGlobalSection
EndGlobal
